PODS:
  - PreviewableActivityViewController (0.1.0)

DEPENDENCIES:
  - PreviewableActivityViewController (from `../`)

EXTERNAL SOURCES:
  PreviewableActivityViewController:
    :path: ../

SPEC CHECKSUMS:
  PreviewableActivityViewController: 08d8997a22fc998b91346f0ee65d3073dda28b52

PODFILE CHECKSUM: 6ce377d5222a5f0c8667c834cd95097f79d286e4

COCOAPODS: 1.2.1
